// !$*UTF8*$!
{
	archiveVersion = 1;
	classes = {
	};
	objectVersion = 50;
	objects = {

/* Begin PBXBuildFile section */
		9CF0E4342241D9430045C975 /* AppDelegate.swift in Sources */ = {isa = PBXBuildFile; fileRef = 9CF0E4332241D9430045C975 /* AppDelegate.swift */; };
		9CF0E4362241D9430045C975 /* ViewController.swift in Sources */ = {isa = PBXBuildFile; fileRef = 9CF0E4352241D9430045C975 /* ViewController.swift */; };
		9CF0E4392241D9430045C975 /* Main.storyboard in Resources */ = {isa = PBXBuildFile; fileRef = 9CF0E4372241D9430045C975 /* Main.storyboard */; };
		9CF0E43B2241D9440045C975 /* Assets.xcassets in Resources */ = {isa = PBXBuildFile; fileRef = 9CF0E43A2241D9440045C975 /* Assets.xcassets */; };
		9CF0E43E2241D9440045C975 /* LaunchScreen.storyboard in Resources */ = {isa = PBXBuildFile; fileRef = 9CF0E43C2241D9440045C975 /* LaunchScreen.storyboard */; };
		9CF0E4492241D9440045C975 /* HmButtonDemo_SwiftTests.swift in Sources */ = {isa = PBXBuildFile; fileRef = 9CF0E4482241D9440045C975 /* HmButtonDemo_SwiftTests.swift */; };
		9CF0E4542241D9440045C975 /* HmButtonDemo_SwiftUITests.swift in Sources */ = {isa = PBXBuildFile; fileRef = 9CF0E4532241D9440045C975 /* HmButtonDemo_SwiftUITests.swift */; };
		9CF0E4632241D9730045C975 /* HmButton.swift in Sources */ = {isa = PBXBuildFile; fileRef = 9CF0E4622241D9730045C975 /* HmButton.swift */; };
/* End PBXBuildFile section */

/* Begin PBXContainerItemProxy section */
		9CF0E4452241D9440045C975 /* PBXContainerItemProxy */ = {
			isa = PBXContainerItemProxy;
			containerPortal = 9CF0E4282241D9430045C975 /* Project object */;
			proxyType = 1;
			remoteGlobalIDString = 9CF0E42F2241D9430045C975;
			remoteInfo = "HmButtonDemo-Swift";
		};
		9CF0E4502241D9440045C975 /* PBXContainerItemProxy */ = {
			isa = PBXContainerItemProxy;
			containerPortal = 9CF0E4282241D9430045C975 /* Project object */;
			proxyType = 1;
			remoteGlobalIDString = 9CF0E42F2241D9430045C975;
			remoteInfo = "HmButtonDemo-Swift";
		};
/* End PBXContainerItemProxy section */

/* Begin PBXFileReference section */
		9CF0E4302241D9430045C975 /* HmButtonDemo-Swift.app */ = {isa = PBXFileReference; explicitFileType = wrapper.application; includeInIndex = 0; path = "HmButtonDemo-Swift.app"; sourceTree = BUILT_PRODUCTS_DIR; };
		9CF0E4332241D9430045C975 /* AppDelegate.swift */ = {isa = PBXFileReference; lastKnownFileType = sourcecode.swift; path = AppDelegate.swift; sourceTree = "<group>"; };
		9CF0E4352241D9430045C975 /* ViewController.swift */ = {isa = PBXFileReference; lastKnownFileType = sourcecode.swift; path = ViewController.swift; sourceTree = "<group>"; };
		9CF0E4382241D9430045C975 /* Base */ = {isa = PBXFileReference; lastKnownFileType = file.storyboard; name = Base; path = Base.lproj/Main.storyboard; sourceTree = "<group>"; };
		9CF0E43A2241D9440045C975 /* Assets.xcassets */ = {isa = PBXFileReference; lastKnownFileType = folder.assetcatalog; path = Assets.xcassets; sourceTree = "<group>"; };
		9CF0E43D2241D9440045C975 /* Base */ = {isa = PBXFileReference; lastKnownFileType = file.storyboard; name = Base; path = Base.lproj/LaunchScreen.storyboard; sourceTree = "<group>"; };
		9CF0E43F2241D9440045C975 /* Info.plist */ = {isa = PBXFileReference; lastKnownFileType = text.plist.xml; path = Info.plist; sourceTree = "<group>"; };
		9CF0E4442241D9440045C975 /* HmButtonDemo-SwiftTests.xctest */ = {isa = PBXFileReference; explicitFileType = wrapper.cfbundle; includeInIndex = 0; path = "HmButtonDemo-SwiftTests.xctest"; sourceTree = BUILT_PRODUCTS_DIR; };
		9CF0E4482241D9440045C975 /* HmButtonDemo_SwiftTests.swift */ = {isa = PBXFileReference; lastKnownFileType = sourcecode.swift; path = HmButtonDemo_SwiftTests.swift; sourceTree = "<group>"; };
		9CF0E44A2241D9440045C975 /* Info.plist */ = {isa = PBXFileReference; lastKnownFileType = text.plist.xml; path = Info.plist; sourceTree = "<group>"; };
		9CF0E44F2241D9440045C975 /* HmButtonDemo-SwiftUITests.xctest */ = {isa = PBXFileReference; explicitFileType = wrapper.cfbundle; includeInIndex = 0; path = "HmButtonDemo-SwiftUITests.xctest"; sourceTree = BUILT_PRODUCTS_DIR; };
		9CF0E4532241D9440045C975 /* HmButtonDemo_SwiftUITests.swift */ = {isa = PBXFileReference; lastKnownFileType = sourcecode.swift; path = HmButtonDemo_SwiftUITests.swift; sourceTree = "<group>"; };
		9CF0E4552241D9440045C975 /* Info.plist */ = {isa = PBXFileReference; lastKnownFileType = text.plist.xml; path = Info.plist; sourceTree = "<group>"; };
		9CF0E4622241D9730045C975 /* HmButton.swift */ = {isa = PBXFileReference; fileEncoding = 4; lastKnownFileType = sourcecode.swift; path = HmButton.swift; sourceTree = "<group>"; };
/* End PBXFileReference section */

/* Begin PBXFrameworksBuildPhase section */
		9CF0E42D2241D9430045C975 /* Frameworks */ = {
			isa = PBXFrameworksBuildPhase;
			buildActionMask = 2147483647;
			files = (
			);
			runOnlyForDeploymentPostprocessing = 0;
		};
		9CF0E4412241D9440045C975 /* Frameworks */ = {
			isa = PBXFrameworksBuildPhase;
			buildActionMask = 2147483647;
			files = (
			);
			runOnlyForDeploymentPostprocessing = 0;
		};
		9CF0E44C2241D9440045C975 /* Frameworks */ = {
			isa = PBXFrameworksBuildPhase;
			buildActionMask = 2147483647;
			files = (
			);
			runOnlyForDeploymentPostprocessing = 0;
		};
/* End PBXFrameworksBuildPhase section */

/* Begin PBXGroup section */
		9CF0E4272241D9430045C975 = {
			isa = PBXGroup;
			children = (
				9CF0E4322241D9430045C975 /* HmButtonDemo-Swift */,
				9CF0E4472241D9440045C975 /* HmButtonDemo-SwiftTests */,
				9CF0E4522241D9440045C975 /* HmButtonDemo-SwiftUITests */,
				9CF0E4312241D9430045C975 /* Products */,
			);
			sourceTree = "<group>";
		};
		9CF0E4312241D9430045C975 /* Products */ = {
			isa = PBXGroup;
			children = (
				9CF0E4302241D9430045C975 /* HmButtonDemo-Swift.app */,
				9CF0E4442241D9440045C975 /* HmButtonDemo-SwiftTests.xctest */,
				9CF0E44F2241D9440045C975 /* HmButtonDemo-SwiftUITests.xctest */,
			);
			name = Products;
			sourceTree = "<group>";
		};
		9CF0E4322241D9430045C975 /* HmButtonDemo-Swift */ = {
			isa = PBXGroup;
			children = (
				9CF0E4612241D9730045C975 /* HmButton */,
				9CF0E4332241D9430045C975 /* AppDelegate.swift */,
				9CF0E4352241D9430045C975 /* ViewController.swift */,
				9CF0E4372241D9430045C975 /* Main.storyboard */,
				9CF0E43A2241D9440045C975 /* Assets.xcassets */,
				9CF0E43C2241D9440045C975 /* LaunchScreen.storyboard */,
				9CF0E43F2241D9440045C975 /* Info.plist */,
			);
			path = "HmButtonDemo-Swift";
			sourceTree = "<group>";
		};
		9CF0E4472241D9440045C975 /* HmButtonDemo-SwiftTests */ = {
			isa = PBXGroup;
			children = (
				9CF0E4482241D9440045C975 /* HmButtonDemo_SwiftTests.swift */,
				9CF0E44A2241D9440045C975 /* Info.plist */,
			);
			path = "HmButtonDemo-SwiftTests";
			sourceTree = "<group>";
		};
		9CF0E4522241D9440045C975 /* HmButtonDemo-SwiftUITests */ = {
			isa = PBXGroup;
			children = (
				9CF0E4532241D9440045C975 /* HmButtonDemo_SwiftUITests.swift */,
				9CF0E4552241D9440045C975 /* Info.plist */,
			);
			path = "HmButtonDemo-SwiftUITests";
			sourceTree = "<group>";
		};
		9CF0E4612241D9730045C975 /* HmButton */ = {
			isa = PBXGroup;
			children = (
				9CF0E4622241D9730045C975 /* HmButton.swift */,
			);
			path = HmButton;
			sourceTree = "<group>";
		};
/* End PBXGroup section */

/* Begin PBXNativeTarget section */
		9CF0E42F2241D9430045C975 /* HmButtonDemo-Swift */ = {
			isa = PBXNativeTarget;
			buildConfigurationList = 9CF0E4582241D9440045C975 /* Build configuration list for PBXNativeTarget "HmButtonDemo-Swift" */;
			buildPhases = (
				9CF0E42C2241D9430045C975 /* Sources */,
				9CF0E42D2241D9430045C975 /* Frameworks */,
				9CF0E42E2241D9430045C975 /* Resources */,
			);
			buildRules = (
			);
			dependencies = (
			);
			name = "HmButtonDemo-Swift";
			productName = "HmButtonDemo-Swift";
			productReference = 9CF0E4302241D9430045C975 /* HmButtonDemo-Swift.app */;
			productType = "com.apple.product-type.application";
		};
		9CF0E4432241D9440045C975 /* HmButtonDemo-SwiftTests */ = {
			isa = PBXNativeTarget;
			buildConfigurationList = 9CF0E45B2241D9440045C975 /* Build configuration list for PBXNativeTarget "HmButtonDemo-SwiftTests" */;
			buildPhases = (
				9CF0E4402241D9440045C975 /* Sources */,
				9CF0E4412241D9440045C975 /* Frameworks */,
				9CF0E4422241D9440045C975 /* Resources */,
			);
			buildRules = (
			);
			dependencies = (
				9CF0E4462241D9440045C975 /* PBXTargetDependency */,
			);
			name = "HmButtonDemo-SwiftTests";
			productName = "HmButtonDemo-SwiftTests";
			productReference = 9CF0E4442241D9440045C975 /* HmButtonDemo-SwiftTests.xctest */;
			productType = "com.apple.product-type.bundle.unit-test";
		};
		9CF0E44E2241D9440045C975 /* HmButtonDemo-SwiftUITests */ = {
			isa = PBXNativeTarget;
			buildConfigurationList = 9CF0E45E2241D9440045C975 /* Build configuration list for PBXNativeTarget "HmButtonDemo-SwiftUITests" */;
			buildPhases = (
				9CF0E44B2241D9440045C975 /* Sources */,
				9CF0E44C2241D9440045C975 /* Frameworks */,
				9CF0E44D2241D9440045C975 /* Resources */,
			);
			buildRules = (
			);
			dependencies = (
				9CF0E4512241D9440045C975 /* PBXTargetDependency */,
			);
			name = "HmButtonDemo-SwiftUITests";
			productName = "HmButtonDemo-SwiftUITests";
			productReference = 9CF0E44F2241D9440045C975 /* HmButtonDemo-SwiftUITests.xctest */;
			productType = "com.apple.product-type.bundle.ui-testing";
		};
/* End PBXNativeTarget section */

/* Begin PBXProject section */
		9CF0E4282241D9430045C975 /* Project object */ = {
			isa = PBXProject;
			attributes = {
				LastSwiftUpdateCheck = 1010;
				LastUpgradeCheck = 1010;
				ORGANIZATIONNAME = "侯猛";
				TargetAttributes = {
					9CF0E42F2241D9430045C975 = {
						CreatedOnToolsVersion = 10.1;
					};
					9CF0E4432241D9440045C975 = {
						CreatedOnToolsVersion = 10.1;
						TestTargetID = 9CF0E42F2241D9430045C975;
					};
					9CF0E44E2241D9440045C975 = {
						CreatedOnToolsVersion = 10.1;
						TestTargetID = 9CF0E42F2241D9430045C975;
					};
				};
			};
			buildConfigurationList = 9CF0E42B2241D9430045C975 /* Build configuration list for PBXProject "HmButtonDemo-Swift" */;
			compatibilityVersion = "Xcode 9.3";
			developmentRegion = en;
			hasScannedForEncodings = 0;
			knownRegions = (
				en,
				Base,
			);
			mainGroup = 9CF0E4272241D9430045C975;
			productRefGroup = 9CF0E4312241D9430045C975 /* Products */;
			projectDirPath = "";
			projectRoot = "";
			targets = (
				9CF0E42F2241D9430045C975 /* HmButtonDemo-Swift */,
				9CF0E4432241D9440045C975 /* HmButtonDemo-SwiftTests */,
				9CF0E44E2241D9440045C975 /* HmButtonDemo-SwiftUITests */,
			);
		};
/* End PBXProject section */

/* Begin PBXResourcesBuildPhase section */
		9CF0E42E2241D9430045C975 /* Resources */ = {
			isa = PBXResourcesBuildPhase;
			buildActionMask = 2147483647;
			files = (
				9CF0E43E2241D9440045C975 /* LaunchScreen.storyboard in Resources */,
				9CF0E43B2241D9440045C975 /* Assets.xcassets in Resources */,
				9CF0E4392241D9430045C975 /* Main.storyboard in Resources */,
			);
			runOnlyForDeploymentPostprocessing = 0;
		};
		9CF0E4422241D9440045C975 /* Resources */ = {
			isa = PBXResourcesBuildPhase;
			buildActionMask = 2147483647;
			files = (
			);
			runOnlyForDeploymentPostprocessing = 0;
		};
		9CF0E44D2241D9440045C975 /* Resources */ = {
			isa = PBXResourcesBuildPhase;
			buildActionMask = 2147483647;
			files = (
			);
			runOnlyForDeploymentPostprocessing = 0;
		};
/* End PBXResourcesBuildPhase section */

/* Begin PBXSourcesBuildPhase section */
		9CF0E42C2241D9430045C975 /* Sources */ = {
			isa = PBXSourcesBuildPhase;
			buildActionMask = 2147483647;
			files = (
				9CF0E4632241D9730045C975 /* HmButton.swift in Sources */,
				9CF0E4362241D9430045C975 /* ViewController.swift in Sources */,
				9CF0E4342241D9430045C975 /* AppDelegate.swift in Sources */,
			);
			runOnlyForDeploymentPostprocessing = 0;
		};
		9CF0E4402241D9440045C975 /* Sources */ = {
			isa = PBXSourcesBuildPhase;
			buildActionMask = 2147483647;
			files = (
				9CF0E4492241D9440045C975 /* HmButtonDemo_SwiftTests.swift in Sources */,
			);
			runOnlyForDeploymentPostprocessing = 0;
		};
		9CF0E44B2241D9440045C975 /* Sources */ = {
			isa = PBXSourcesBuildPhase;
			buildActionMask = 2147483647;
			files = (
				9CF0E4542241D9440045C975 /* HmButtonDemo_SwiftUITests.swift in Sources */,
			);
			runOnlyForDeploymentPostprocessing = 0;
		};
/* End PBXSourcesBuildPhase section */

/* Begin PBXTargetDependency section */
		9CF0E4462241D9440045C975 /* PBXTargetDependency */ = {
			isa = PBXTargetDependency;
			target = 9CF0E42F2241D9430045C975 /* HmButtonDemo-Swift */;
			targetProxy = 9CF0E4452241D9440045C975 /* PBXContainerItemProxy */;
		};
		9CF0E4512241D9440045C975 /* PBXTargetDependency */ = {
			isa = PBXTargetDependency;
			target = 9CF0E42F2241D9430045C975 /* HmButtonDemo-Swift */;
			targetProxy = 9CF0E4502241D9440045C975 /* PBXContainerItemProxy */;
		};
/* End PBXTargetDependency section */

/* Begin PBXVariantGroup section */
		9CF0E4372241D9430045C975 /* Main.storyboard */ = {
			isa = PBXVariantGroup;
			children = (
				9CF0E4382241D9430045C975 /* Base */,
			);
			name = Main.storyboard;
			sourceTree = "<group>";
		};
		9CF0E43C2241D9440045C975 /* LaunchScreen.storyboard */ = {
			isa = PBXVariantGroup;
			children = (
				9CF0E43D2241D9440045C975 /* Base */,
			);
			name = LaunchScreen.storyboard;
			sourceTree = "<group>";
		};
/* End PBXVariantGroup section */

/* Begin XCBuildConfiguration section */
		9CF0E4562241D9440045C975 /* Debug */ = {
			isa = XCBuildConfiguration;
			buildSettings = {
				ALWAYS_SEARCH_USER_PATHS = NO;
				CLANG_ANALYZER_NONNULL = YES;
				CLANG_ANALYZER_NUMBER_OBJECT_CONVERSION = YES_AGGRESSIVE;
				CLANG_CXX_LANGUAGE_STANDARD = "gnu++14";
				CLANG_CXX_LIBRARY = "libc++";
				CLANG_ENABLE_MODULES = YES;
				CLANG_ENABLE_OBJC_ARC = YES;
				CLANG_ENABLE_OBJC_WEAK = YES;
				CLANG_WARN_BLOCK_CAPTURE_AUTORELEASING = YES;
				CLANG_WARN_BOOL_CONVERSION = YES;
				CLANG_WARN_COMMA = YES;
				CLANG_WARN_CONSTANT_CONVERSION = YES;
				CLANG_WARN_DEPRECATED_OBJC_IMPLEMENTATIONS = YES;
				CLANG_WARN_DIRECT_OBJC_ISA_USAGE = YES_ERROR;
				CLANG_WARN_DOCUMENTATION_COMMENTS = YES;
				CLANG_WARN_EMPTY_BODY = YES;
				CLANG_WARN_ENUM_CONVERSION = YES;
				CLANG_WARN_INFINITE_RECURSION = YES;
				CLANG_WARN_INT_CONVERSION = YES;
				CLANG_WARN_NON_LITERAL_NULL_CONVERSION = YES;
				CLANG_WARN_OBJC_IMPLICIT_RETAIN_SELF = YES;
				CLANG_WARN_OBJC_LITERAL_CONVERSION = YES;
				CLANG_WARN_OBJC_ROOT_CLASS = YES_ERROR;
				CLANG_WARN_RANGE_LOOP_ANALYSIS = YES;
				CLANG_WARN_STRICT_PROTOTYPES = YES;
				CLANG_WARN_SUSPICIOUS_MOVE = YES;
				CLANG_WARN_UNGUARDED_AVAILABILITY = YES_AGGRESSIVE;
				CLANG_WARN_UNREACHABLE_CODE = YES;
				CLANG_WARN__DUPLICATE_METHOD_MATCH = YES;
				CODE_SIGN_IDENTITY = "iPhone Developer";
				COPY_PHASE_STRIP = NO;
				DEBUG_INFORMATION_FORMAT = dwarf;
				ENABLE_STRICT_OBJC_MSGSEND = YES;
				ENABLE_TESTABILITY = YES;
				GCC_C_LANGUAGE_STANDARD = gnu11;
				GCC_DYNAMIC_NO_PIC = NO;
				GCC_NO_COMMON_BLOCKS = YES;
				GCC_OPTIMIZATION_LEVEL = 0;
				GCC_PREPROCESSOR_DEFINITIONS = (
					"DEBUG=1",
					"$(inherited)",
				);
				GCC_WARN_64_TO_32_BIT_CONVERSION = YES;
				GCC_WARN_ABOUT_RETURN_TYPE = YES_ERROR;
				GCC_WARN_UNDECLARED_SELECTOR = YES;
				GCC_WARN_UNINITIALIZED_AUTOS = YES_AGGRESSIVE;
				GCC_WARN_UNUSED_FUNCTION = YES;
				GCC_WARN_UNUSED_VARIABLE = YES;
				IPHONEOS_DEPLOYMENT_TARGET = 12.1;
				MTL_ENABLE_DEBUG_INFO = INCLUDE_SOURCE;
				MTL_FAST_MATH = YES;
				ONLY_ACTIVE_ARCH = YES;
				SDKROOT = iphoneos;
				SWIFT_ACTIVE_COMPILATION_CONDITIONS = DEBUG;
				SWIFT_OPTIMIZATION_LEVEL = "-Onone";
			};
			name = Debug;
		};
		9CF0E4572241D9440045C975 /* Release */ = {
			isa = XCBuildConfiguration;
			buildSettings = {
				ALWAYS_SEARCH_USER_PATHS = NO;
				CLANG_ANALYZER_NONNULL = YES;
				CLANG_ANALYZER_NUMBER_OBJECT_CONVERSION = YES_AGGRESSIVE;
				CLANG_CXX_LANGUAGE_STANDARD = "gnu++14";
				CLANG_CXX_LIBRARY = "libc++";
				CLANG_ENABLE_MODULES = YES;
				CLANG_ENABLE_OBJC_ARC = YES;
				CLANG_ENABLE_OBJC_WEAK = YES;
				CLANG_WARN_BLOCK_CAPTURE_AUTORELEASING = YES;
				CLANG_WARN_BOOL_CONVERSION = YES;
				CLANG_WARN_COMMA = YES;
				CLANG_WARN_CONSTANT_CONVERSION = YES;
				CLANG_WARN_DEPRECATED_OBJC_IMPLEMENTATIONS = YES;
				CLANG_WARN_DIRECT_OBJC_ISA_USAGE = YES_ERROR;
				CLANG_WARN_DOCUMENTATION_COMMENTS = YES;
				CLANG_WARN_EMPTY_BODY = YES;
				CLANG_WARN_ENUM_CONVERSION = YES;
				CLANG_WARN_INFINITE_RECURSION = YES;
				CLANG_WARN_INT_CONVERSION = YES;
				CLANG_WARN_NON_LITERAL_NULL_CONVERSION = YES;
				CLANG_WARN_OBJC_IMPLICIT_RETAIN_SELF = YES;
				CLANG_WARN_OBJC_LITERAL_CONVERSION = YES;
				CLANG_WARN_OBJC_ROOT_CLASS = YES_ERROR;
				CLANG_WARN_RANGE_LOOP_ANALYSIS = YES;
				CLANG_WARN_STRICT_PROTOTYPES = YES;
				CLANG_WARN_SUSPICIOUS_MOVE = YES;
				CLANG_WARN_UNGUARDED_AVAILABILITY = YES_AGGRESSIVE;
				CLANG_WARN_UNREACHABLE_CODE = YES;
				CLANG_WARN__DUPLICATE_METHOD_MATCH = YES;
				CODE_SIGN_IDENTITY = "iPhone Developer";
				COPY_PHASE_STRIP = NO;
				DEBUG_INFORMATION_FORMAT = "dwarf-with-dsym";
				ENABLE_NS_ASSERTIONS = NO;
				ENABLE_STRICT_OBJC_MSGSEND = YES;
				GCC_C_LANGUAGE_STANDARD = gnu11;
				GCC_NO_COMMON_BLOCKS = YES;
				GCC_WARN_64_TO_32_BIT_CONVERSION = YES;
				GCC_WARN_ABOUT_RETURN_TYPE = YES_ERROR;
				GCC_WARN_UNDECLARED_SELECTOR = YES;
				GCC_WARN_UNINITIALIZED_AUTOS = YES_AGGRESSIVE;
				GCC_WARN_UNUSED_FUNCTION = YES;
				GCC_WARN_UNUSED_VARIABLE = YES;
				IPHONEOS_DEPLOYMENT_TARGET = 12.1;
				MTL_ENABLE_DEBUG_INFO = NO;
				MTL_FAST_MATH = YES;
				SDKROOT = iphoneos;
				SWIFT_COMPILATION_MODE = wholemodule;
				SWIFT_OPTIMIZATION_LEVEL = "-O";
				VALIDATE_PRODUCT = YES;
			};
			name = Release;
		};
		9CF0E4592241D9440045C975 /* Debug */ = {
			isa = XCBuildConfiguration;
			buildSettings = {
				ASSETCATALOG_COMPILER_APPICON_NAME = AppIcon;
				CODE_SIGN_STYLE = Automatic;
				DEVELOPMENT_TEAM = EEH44D56FW;
				INFOPLIST_FILE = "HmButtonDemo-Swift/Info.plist";
				LD_RUNPATH_SEARCH_PATHS = (
					"$(inherited)",
					"@executable_path/Frameworks",
				);
				PRODUCT_BUNDLE_IDENTIFIER = "HouMeng.HmButtonDemo-Swift";
				PRODUCT_NAME = "$(TARGET_NAME)";
				SWIFT_VERSION = 4.2;
				TARGETED_DEVICE_FAMILY = "1,2";
			};
			name = Debug;
		};
		9CF0E45A2241D9440045C975 /* Release */ = {
			isa = XCBuildConfiguration;
			buildSettings = {
				ASSETCATALOG_COMPILER_APPICON_NAME = AppIcon;
				CODE_SIGN_STYLE = Automatic;
				DEVELOPMENT_TEAM = EEH44D56FW;
				INFOPLIST_FILE = "HmButtonDemo-Swift/Info.plist";
				LD_RUNPATH_SEARCH_PATHS = (
					"$(inherited)",
					"@executable_path/Frameworks",
				);
				PRODUCT_BUNDLE_IDENTIFIER = "HouMeng.HmButtonDemo-Swift";
				PRODUCT_NAME = "$(TARGET_NAME)";
				SWIFT_VERSION = 4.2;
				TARGETED_DEVICE_FAMILY = "1,2";
			};
			name = Release;
		};
		9CF0E45C2241D9440045C975 /* Debug */ = {
			isa = XCBuildConfiguration;
			buildSettings = {
				ALWAYS_EMBED_SWIFT_STANDARD_LIBRARIES = YES;
				BUNDLE_LOADER = "$(TEST_HOST)";
				CODE_SIGN_STYLE = Automatic;
				DEVELOPMENT_TEAM = EEH44D56FW;
				INFOPLIST_FILE = "HmButtonDemo-SwiftTests/Info.plist";
				LD_RUNPATH_SEARCH_PATHS = (
					"$(inherited)",
					"@executable_path/Frameworks",
					"@loader_path/Frameworks",
				);
				PRODUCT_BUNDLE_IDENTIFIER = "HouMeng.HmButtonDemo-SwiftTests";
				PRODUCT_NAME = "$(TARGET_NAME)";
				SWIFT_VERSION = 4.2;
				TARGETED_DEVICE_FAMILY = "1,2";
				TEST_HOST = "$(BUILT_PRODUCTS_DIR)/HmButtonDemo-Swift.app/HmButtonDemo-Swift";
			};
			name = Debug;
		};
		9CF0E45D2241D9440045C975 /* Release */ = {
			isa = XCBuildConfiguration;
			buildSettings = {
				ALWAYS_EMBED_SWIFT_STANDARD_LIBRARIES = YES;
				BUNDLE_LOADER = "$(TEST_HOST)";
				CODE_SIGN_STYLE = Automatic;
				DEVELOPMENT_TEAM = EEH44D56FW;
				INFOPLIST_FILE = "HmButtonDemo-SwiftTests/Info.plist";
				LD_RUNPATH_SEARCH_PATHS = (
					"$(inherited)",
					"@executable_path/Frameworks",
					"@loader_path/Frameworks",
				);
				PRODUCT_BUNDLE_IDENTIFIER = "HouMeng.HmButtonDemo-SwiftTests";
				PRODUCT_NAME = "$(TARGET_NAME)";
				SWIFT_VERSION = 4.2;
				TARGETED_DEVICE_FAMILY = "1,2";
				TEST_HOST = "$(BUILT_PRODUCTS_DIR)/HmButtonDemo-Swift.app/HmButtonDemo-Swift";
			};
			name = Release;
		};
		9CF0E45F2241D9440045C975 /* Debug */ = {
			isa = XCBuildConfiguration;
			buildSettings = {
				ALWAYS_EMBED_SWIFT_STANDARD_LIBRARIES = YES;
				CODE_SIGN_STYLE = Automatic;
				DEVELOPMENT_TEAM = EEH44D56FW;
				INFOPLIST_FILE = "HmButtonDemo-SwiftUITests/Info.plist";
				LD_RUNPATH_SEARCH_PATHS = (
					"$(inherited)",
					"@executable_path/Frameworks",
					"@loader_path/Frameworks",
				);
				PRODUCT_BUNDLE_IDENTIFIER = "HouMeng.HmButtonDemo-SwiftUITests";
				PRODUCT_NAME = "$(TARGET_NAME)";
				SWIFT_VERSION = 4.2;
				TARGETED_DEVICE_FAMILY = "1,2";
				TEST_TARGET_NAME = "HmButtonDemo-Swift";
			};
			name = Debug;
		};
		9CF0E4602241D9440045C975 /* Release */ = {
			isa = XCBuildConfiguration;
			buildSettings = {
				ALWAYS_EMBED_SWIFT_STANDARD_LIBRARIES = YES;
				CODE_SIGN_STYLE = Automatic;
				DEVELOPMENT_TEAM = EEH44D56FW;
				INFOPLIST_FILE = "HmButtonDemo-SwiftUITests/Info.plist";
				LD_RUNPATH_SEARCH_PATHS = (
					"$(inherited)",
					"@executable_path/Frameworks",
					"@loader_path/Frameworks",
				);
				PRODUCT_BUNDLE_IDENTIFIER = "HouMeng.HmButtonDemo-SwiftUITests";
				PRODUCT_NAME = "$(TARGET_NAME)";
				SWIFT_VERSION = 4.2;
				TARGETED_DEVICE_FAMILY = "1,2";
				TEST_TARGET_NAME = "HmButtonDemo-Swift";
			};
			name = Release;
		};
/* End XCBuildConfiguration section */

/* Begin XCConfigurationList section */
		9CF0E42B2241D9430045C975 /* Build configuration list for PBXProject "HmButtonDemo-Swift" */ = {
			isa = XCConfigurationList;
			buildConfigurations = (
				9CF0E4562241D9440045C975 /* Debug */,
				9CF0E4572241D9440045C975 /* Release */,
			);
			defaultConfigurationIsVisible = 0;
			defaultConfigurationName = Release;
		};
		9CF0E4582241D9440045C975 /* Build configuration list for PBXNativeTarget "HmButtonDemo-Swift" */ = {
			isa = XCConfigurationList;
			buildConfigurations = (
				9CF0E4592241D9440045C975 /* Debug */,
				9CF0E45A2241D9440045C975 /* Release */,
			);
			defaultConfigurationIsVisible = 0;
			defaultConfigurationName = Release;
		};
		9CF0E45B2241D9440045C975 /* Build configuration list for PBXNativeTarget "HmButtonDemo-SwiftTests" */ = {
			isa = XCConfigurationList;
			buildConfigurations = (
				9CF0E45C2241D9440045C975 /* Debug */,
				9CF0E45D2241D9440045C975 /* Release */,
			);
			defaultConfigurationIsVisible = 0;
			defaultConfigurationName = Release;
		};
		9CF0E45E2241D9440045C975 /* Build configuration list for PBXNativeTarget "HmButtonDemo-SwiftUITests" */ = {
			isa = XCConfigurationList;
			buildConfigurations = (
				9CF0E45F2241D9440045C975 /* Debug */,
				9CF0E4602241D9440045C975 /* Release */,
			);
			defaultConfigurationIsVisible = 0;
			defaultConfigurationName = Release;
		};
/* End XCConfigurationList section */
	};
	rootObject = 9CF0E4282241D9430045C975 /* Project object */;
}
